
Microsoft Visual Studio Solution File, Format Version 12.00
# Visual Studio Version 16
VisualStudioVersion = 16.0.30413.136
MinimumVisualStudioVersion = 10.0.40219.1
Project("{FAE04EC0-301F-11D3-BF4B-00C04F79EFBC}") = "GrpcChatServer", "GrpcChatServer\GrpcChatServer.csproj", "{6968EC18-0DB7-49DF-9320-DCD908BB6144}"
EndProject
Global
	GlobalSection(SolutionConfigurationPlatforms) = preSolution
		Debug|Any CPU = Debug|Any CPU
		Release|Any CPU = Release|Any CPU
	EndGlobalSection
	GlobalSection(ProjectConfigurationPlatforms) = postSolution
		{6968EC18-0DB7-49DF-9320-DCD908BB6144}.Debug|Any CPU.ActiveCfg = Debug|Any CPU
		{6968EC18-0DB7-49DF-9320-DCD908BB6144}.Debug|Any CPU.Build.0 = Debug|Any CPU
		{6968EC18-0DB7-49DF-9320-DCD908BB6144}.Release|Any CPU.ActiveCfg = Release|Any CPU
		{6968EC18-0DB7-49DF-9320-DCD908BB6144}.Release|Any CPU.Build.0 = Release|Any CPU
	EndGlobalSection
	GlobalSection(SolutionProperties) = preSolution
		HideSolutionNode = FALSE
	EndGlobalSection
	GlobalSection(ExtensibilityGlobals) = postSolution
		SolutionGuid = {E71858FA-1BB6-4CD7-B777-0EBC05679B1C}
	EndGlobalSection
EndGlobal
